
Microsoft Visual Studio Solution File, Format Version 12.00
# Visual Studio Version 17
VisualStudioVersion = 17.4.33110.190
MinimumVisualStudioVersion = 10.0.40219.1
Project("{FAE04EC0-301F-11D3-BF4B-00C04F79EFBC}") = "WeatherForecasting", "WeatherForecasting\WeatherForecasting.csproj", "{F2954C30-B51D-4941-B03E-AEEA5D146194}"
EndProject
Global
	GlobalSection(SolutionConfigurationPlatforms) = preSolution
		Debug|Any CPU = Debug|Any CPU
		Release|Any CPU = Release|Any CPU
	EndGlobalSection
	GlobalSection(ProjectConfigurationPlatforms) = postSolution
		{F2954C30-B51D-4941-B03E-AEEA5D146194}.Debug|Any CPU.ActiveCfg = Debug|Any CPU
		{F2954C30-B51D-4941-B03E-AEEA5D146194}.Debug|Any CPU.Build.0 = Debug|Any CPU
		{F2954C30-B51D-4941-B03E-AEEA5D146194}.Release|Any CPU.ActiveCfg = Release|Any CPU
		{F2954C30-B51D-4941-B03E-AEEA5D146194}.Release|Any CPU.Build.0 = Release|Any CPU
	EndGlobalSection
	GlobalSection(SolutionProperties) = preSolution
		HideSolutionNode = FALSE
	EndGlobalSection
	GlobalSection(ExtensibilityGlobals) = postSolution
		SolutionGuid = {B4C7685F-8DF9-4552-8020-F109E36A44CE}
	EndGlobalSection
EndGlobal
